
Microsoft Visual Studio Solution File, Format Version 12.00
# Visual Studio Version 16
VisualStudioVersion = 16.0.30330.147
MinimumVisualStudioVersion = 10.0.40219.1
Project("{FAE04EC0-301F-11D3-BF4B-00C04F79EFBC}") = "Test", "Test\Test.csproj", "{4C5249C5-9CD8-4003-8B35-1E4554C748EB}"
EndProject
Project("{FAE04EC0-301F-11D3-BF4B-00C04F79EFBC}") = "NarraSoft", "NarraSoft\NarraSoft.csproj", "{B502B5A9-DB3E-4F28-B89F-E00BCE439EDE}"
EndProject
Global
	GlobalSection(SolutionConfigurationPlatforms) = preSolution
		Debug|Any CPU = Debug|Any CPU
		Release|Any CPU = Release|Any CPU
	EndGlobalSection
	GlobalSection(ProjectConfigurationPlatforms) = postSolution
		{4C5249C5-9CD8-4003-8B35-1E4554C748EB}.Debug|Any CPU.ActiveCfg = Debug|Any CPU
		{4C5249C5-9CD8-4003-8B35-1E4554C748EB}.Debug|Any CPU.Build.0 = Debug|Any CPU
		{4C5249C5-9CD8-4003-8B35-1E4554C748EB}.Release|Any CPU.ActiveCfg = Release|Any CPU
		{4C5249C5-9CD8-4003-8B35-1E4554C748EB}.Release|Any CPU.Build.0 = Release|Any CPU
		{B502B5A9-DB3E-4F28-B89F-E00BCE439EDE}.Debug|Any CPU.ActiveCfg = Debug|Any CPU
		{B502B5A9-DB3E-4F28-B89F-E00BCE439EDE}.Debug|Any CPU.Build.0 = Debug|Any CPU
		{B502B5A9-DB3E-4F28-B89F-E00BCE439EDE}.Release|Any CPU.ActiveCfg = Release|Any CPU
		{B502B5A9-DB3E-4F28-B89F-E00BCE439EDE}.Release|Any CPU.Build.0 = Release|Any CPU
	EndGlobalSection
	GlobalSection(SolutionProperties) = preSolution
		HideSolutionNode = FALSE
	EndGlobalSection
	GlobalSection(ExtensibilityGlobals) = postSolution
		SolutionGuid = {1317A4FF-24B7-41D5-93EF-5D92FB3D3526}
	EndGlobalSection
EndGlobal
